{
  "name": "cypress",
  "version": "1.0.0",
  "lockfileVersion": 3,
  "requires": true,
  "packages": {
    "": {
      "name": "cypress",
      "version": "1.0.0",
      "license": "ISC",
      "dependencies": {
        "core-js-pure": "^3.32.1"
      }
    },
    "node_modules/core-js-pure": {
      "version": "3.32.1",
      "resolved": "https://registry.npmjs.org/core-js-pure/-/core-js-pure-3.32.1.tgz",
      "integrity": "sha512-f52QZwkFVDPf7UEQZGHKx6NYxsxmVGJe5DIvbzOdRMJlmT6yv0KDjR8rmy3ngr/t5wU54c7Sp/qIJH0ppbhVpQ==",
      "hasInstallScript": true,
      "funding": {
        "type": "opencollective",
        "url": "https://opencollective.com/core-js"
      }
    }
  }
}
